
Microsoft Visual Studio Solution File, Format Version 12.00
# Visual Studio Version 16
VisualStudioVersion = 16.0.31424.327
MinimumVisualStudioVersion = 10.0.40219.1
Project("{FAE04EC0-301F-11D3-BF4B-00C04F79EFBC}") = "WebApi", "WebApi\WebApi.csproj", "{00266388-2315-4180-86A2-ED66D7A94294}"
EndProject
Project("{FAE04EC0-301F-11D3-BF4B-00C04F79EFBC}") = "ApiClientMvc", "ApiClientMvc\ApiClientMvc.csproj", "{87CD3307-C8C2-4EF4-828C-DD3A06BD4B26}"
EndProject
Global
	GlobalSection(SolutionConfigurationPlatforms) = preSolution
		Debug|Any CPU = Debug|Any CPU
		Release|Any CPU = Release|Any CPU
	EndGlobalSection
	GlobalSection(ProjectConfigurationPlatforms) = postSolution
		{00266388-2315-4180-86A2-ED66D7A94294}.Debug|Any CPU.ActiveCfg = Debug|Any CPU
		{00266388-2315-4180-86A2-ED66D7A94294}.Debug|Any CPU.Build.0 = Debug|Any CPU
		{00266388-2315-4180-86A2-ED66D7A94294}.Release|Any CPU.ActiveCfg = Release|Any CPU
		{00266388-2315-4180-86A2-ED66D7A94294}.Release|Any CPU.Build.0 = Release|Any CPU
		{87CD3307-C8C2-4EF4-828C-DD3A06BD4B26}.Debug|Any CPU.ActiveCfg = Debug|Any CPU
		{87CD3307-C8C2-4EF4-828C-DD3A06BD4B26}.Debug|Any CPU.Build.0 = Debug|Any CPU
		{87CD3307-C8C2-4EF4-828C-DD3A06BD4B26}.Release|Any CPU.ActiveCfg = Release|Any CPU
		{87CD3307-C8C2-4EF4-828C-DD3A06BD4B26}.Release|Any CPU.Build.0 = Release|Any CPU
	EndGlobalSection
	GlobalSection(SolutionProperties) = preSolution
		HideSolutionNode = FALSE
	EndGlobalSection
	GlobalSection(ExtensibilityGlobals) = postSolution
		SolutionGuid = {DDF1D112-7BA0-4C58-AD92-C638AD7D576A}
	EndGlobalSection
EndGlobal
